
Microsoft Visual Studio Solution File, Format Version 12.00
# Visual Studio Version 17
VisualStudioVersion = 17.13.35919.96 d17.13
MinimumVisualStudioVersion = 10.0.40219.1
Project("{FAE04EC0-301F-11D3-BF4B-00C04F79EFBC}") = "KE03_INTDEV_SE_2_Base", "KE03_INTDEV_SE_2_Base\KE03_INTDEV_SE_2_Base.csproj", "{793A94CC-B6E3-4C12-AB97-8CD87E834D86}"
EndProject
Project("{FAE04EC0-301F-11D3-BF4B-00C04F79EFBC}") = "DataAccessLayer", "DataAccessLayer\DataAccessLayer.csproj", "{A9FCCEB3-DD88-F8C0-89A3-FD31A7C54F23}"
EndProject
Global
	GlobalSection(SolutionConfigurationPlatforms) = preSolution
		Debug|Any CPU = Debug|Any CPU
		Release|Any CPU = Release|Any CPU
	EndGlobalSection
	GlobalSection(ProjectConfigurationPlatforms) = postSolution
		{793A94CC-B6E3-4C12-AB97-8CD87E834D86}.Debug|Any CPU.ActiveCfg = Debug|Any CPU
		{793A94CC-B6E3-4C12-AB97-8CD87E834D86}.Debug|Any CPU.Build.0 = Debug|Any CPU
		{793A94CC-B6E3-4C12-AB97-8CD87E834D86}.Release|Any CPU.ActiveCfg = Release|Any CPU
		{793A94CC-B6E3-4C12-AB97-8CD87E834D86}.Release|Any CPU.Build.0 = Release|Any CPU
		{A9FCCEB3-DD88-F8C0-89A3-FD31A7C54F23}.Debug|Any CPU.ActiveCfg = Debug|Any CPU
		{A9FCCEB3-DD88-F8C0-89A3-FD31A7C54F23}.Debug|Any CPU.Build.0 = Debug|Any CPU
		{A9FCCEB3-DD88-F8C0-89A3-FD31A7C54F23}.Release|Any CPU.ActiveCfg = Release|Any CPU
		{A9FCCEB3-DD88-F8C0-89A3-FD31A7C54F23}.Release|Any CPU.Build.0 = Release|Any CPU
	EndGlobalSection
	GlobalSection(SolutionProperties) = preSolution
		HideSolutionNode = FALSE
	EndGlobalSection
	GlobalSection(ExtensibilityGlobals) = postSolution
		SolutionGuid = {B1447B52-859A-486F-8583-52A0ABE7134E}
	EndGlobalSection
EndGlobal
